// !$*UTF8*$!
{
	archiveVersion = 1;
	classes = {
	};
	objectVersion = 46;
	objects = {

/* Begin PBXBuildFile section */
		763D559B1943204600CA9B07 /* Foundation.framework in Frameworks */ = {isa = PBXBuildFile; fileRef = 763D559A1943204600CA9B07 /* Foundation.framework */; };
		763D559D1943204600CA9B07 /* CoreGraphics.framework in Frameworks */ = {isa = PBXBuildFile; fileRef = 763D559C1943204600CA9B07 /* CoreGraphics.framework */; };
		763D559F1943204600CA9B07 /* UIKit.framework in Frameworks */ = {isa = PBXBuildFile; fileRef = 763D559E1943204600CA9B07 /* UIKit.framework */; };
		763D55A51943204600CA9B07 /* InfoPlist.strings in Resources */ = {isa = PBXBuildFile; fileRef = 763D55A31943204600CA9B07 /* InfoPlist.strings */; };
		763D55A71943204600CA9B07 /* main.m in Sources */ = {isa = PBXBuildFile; fileRef = 763D55A61943204600CA9B07 /* main.m */; };
		763D55AB1943204600CA9B07 /* SPAppDelegate.m in Sources */ = {isa = PBXBuildFile; fileRef = 763D55AA1943204600CA9B07 /* SPAppDelegate.m */; };
		763D55AE1943204600CA9B07 /* Main.storyboard in Resources */ = {isa = PBXBuildFile; fileRef = 763D55AC1943204600CA9B07 /* Main.storyboard */; };
		763D55B11943204600CA9B07 /* SPFirstViewController.m in Sources */ = {isa = PBXBuildFile; fileRef = 763D55B01943204600CA9B07 /* SPFirstViewController.m */; };
		763D55B41943204600CA9B07 /* SPSecondViewController.m in Sources */ = {isa = PBXBuildFile; fileRef = 763D55B31943204600CA9B07 /* SPSecondViewController.m */; };
		763D55B61943204600CA9B07 /* Images.xcassets in Resources */ = {isa = PBXBuildFile; fileRef = 763D55B51943204600CA9B07 /* Images.xcassets */; };
		763D55BD1943204600CA9B07 /* XCTest.framework in Frameworks */ = {isa = PBXBuildFile; fileRef = 763D55BC1943204600CA9B07 /* XCTest.framework */; };
		763D55BE1943204600CA9B07 /* Foundation.framework in Frameworks */ = {isa = PBXBuildFile; fileRef = 763D559A1943204600CA9B07 /* Foundation.framework */; };
		763D55BF1943204600CA9B07 /* UIKit.framework in Frameworks */ = {isa = PBXBuildFile; fileRef = 763D559E1943204600CA9B07 /* UIKit.framework */; };
		763D55C71943204600CA9B07 /* InfoPlist.strings in Resources */ = {isa = PBXBuildFile; fileRef = 763D55C51943204600CA9B07 /* InfoPlist.strings */; };
		763D55C91943204600CA9B07 /* ChatAppTests.m in Sources */ = {isa = PBXBuildFile; fileRef = 763D55C81943204600CA9B07 /* ChatAppTests.m */; };
/* End PBXBuildFile section */

/* Begin PBXContainerItemProxy section */
		763D55C01943204600CA9B07 /* PBXContainerItemProxy */ = {
			isa = PBXContainerItemProxy;
			containerPortal = 763D558F1943204600CA9B07 /* Project object */;
			proxyType = 1;
			remoteGlobalIDString = 763D55961943204600CA9B07;
			remoteInfo = ChatApp;
		};
/* End PBXContainerItemProxy section */

/* Begin PBXFileReference section */
		763D55971943204600CA9B07 /* ChatApp.app */ = {isa = PBXFileReference; explicitFileType = wrapper.application; includeInIndex = 0; path = ChatApp.app; sourceTree = BUILT_PRODUCTS_DIR; };
		763D559A1943204600CA9B07 /* Foundation.framework */ = {isa = PBXFileReference; lastKnownFileType = wrapper.framework; name = Foundation.framework; path = System/Library/Frameworks/Foundation.framework; sourceTree = SDKROOT; };
		763D559C1943204600CA9B07 /* CoreGraphics.framework */ = {isa = PBXFileReference; lastKnownFileType = wrapper.framework; name = CoreGraphics.framework; path = System/Library/Frameworks/CoreGraphics.framework; sourceTree = SDKROOT; };
		763D559E1943204600CA9B07 /* UIKit.framework */ = {isa = PBXFileReference; lastKnownFileType = wrapper.framework; name = UIKit.framework; path = System/Library/Frameworks/UIKit.framework; sourceTree = SDKROOT; };
		763D55A21943204600CA9B07 /* ChatApp-Info.plist */ = {isa = PBXFileReference; lastKnownFileType = text.plist.xml; path = "ChatApp-Info.plist"; sourceTree = "<group>"; };
		763D55A41943204600CA9B07 /* en */ = {isa = PBXFileReference; lastKnownFileType = text.plist.strings; name = en; path = en.lproj/InfoPlist.strings; sourceTree = "<group>"; };
		763D55A61943204600CA9B07 /* main.m */ = {isa = PBXFileReference; lastKnownFileType = sourcecode.c.objc; path = main.m; sourceTree = "<group>"; };
		763D55A81943204600CA9B07 /* ChatApp-Prefix.pch */ = {isa = PBXFileReference; lastKnownFileType = sourcecode.c.h; path = "ChatApp-Prefix.pch"; sourceTree = "<group>"; };
		763D55A91943204600CA9B07 /* SPAppDelegate.h */ = {isa = PBXFileReference; lastKnownFileType = sourcecode.c.h; path = SPAppDelegate.h; sourceTree = "<group>"; };
		763D55AA1943204600CA9B07 /* SPAppDelegate.m */ = {isa = PBXFileReference; lastKnownFileType = sourcecode.c.objc; path = SPAppDelegate.m; sourceTree = "<group>"; };
		763D55AD1943204600CA9B07 /* Base */ = {isa = PBXFileReference; lastKnownFileType = file.storyboard; name = Base; path = Base.lproj/Main.storyboard; sourceTree = "<group>"; };
		763D55AF1943204600CA9B07 /* SPFirstViewController.h */ = {isa = PBXFileReference; lastKnownFileType = sourcecode.c.h; path = SPFirstViewController.h; sourceTree = "<group>"; };
		763D55B01943204600CA9B07 /* SPFirstViewController.m */ = {isa = PBXFileReference; lastKnownFileType = sourcecode.c.objc; path = SPFirstViewController.m; sourceTree = "<group>"; };
		763D55B21943204600CA9B07 /* SPSecondViewController.h */ = {isa = PBXFileReference; lastKnownFileType = sourcecode.c.h; path = SPSecondViewController.h; sourceTree = "<group>"; };
		763D55B31943204600CA9B07 /* SPSecondViewController.m */ = {isa = PBXFileReference; lastKnownFileType = sourcecode.c.objc; path = SPSecondViewController.m; sourceTree = "<group>"; };
		763D55B51943204600CA9B07 /* Images.xcassets */ = {isa = PBXFileReference; lastKnownFileType = folder.assetcatalog; path = Images.xcassets; sourceTree = "<group>"; };
		763D55BB1943204600CA9B07 /* ChatAppTests.xctest */ = {isa = PBXFileReference; explicitFileType = wrapper.cfbundle; includeInIndex = 0; path = ChatAppTests.xctest; sourceTree = BUILT_PRODUCTS_DIR; };
		763D55BC1943204600CA9B07 /* XCTest.framework */ = {isa = PBXFileReference; lastKnownFileType = wrapper.framework; name = XCTest.framework; path = Library/Frameworks/XCTest.framework; sourceTree = DEVELOPER_DIR; };
		763D55C41943204600CA9B07 /* ChatAppTests-Info.plist */ = {isa = PBXFileReference; lastKnownFileType = text.plist.xml; path = "ChatAppTests-Info.plist"; sourceTree = "<group>"; };
		763D55C61943204600CA9B07 /* en */ = {isa = PBXFileReference; lastKnownFileType = text.plist.strings; name = en; path = en.lproj/InfoPlist.strings; sourceTree = "<group>"; };
		763D55C81943204600CA9B07 /* ChatAppTests.m */ = {isa = PBXFileReference; lastKnownFileType = sourcecode.c.objc; path = ChatAppTests.m; sourceTree = "<group>"; };
/* End PBXFileReference section */

/* Begin PBXFrameworksBuildPhase section */
		763D55941943204600CA9B07 /* Frameworks */ = {
			isa = PBXFrameworksBuildPhase;
			buildActionMask = 2147483647;
			files = (
				763D559D1943204600CA9B07 /* CoreGraphics.framework in Frameworks */,
				763D559F1943204600CA9B07 /* UIKit.framework in Frameworks */,
				763D559B1943204600CA9B07 /* Foundation.framework in Frameworks */,
			);
			runOnlyForDeploymentPostprocessing = 0;
		};
		763D55B81943204600CA9B07 /* Frameworks */ = {
			isa = PBXFrameworksBuildPhase;
			buildActionMask = 2147483647;
			files = (
				763D55BD1943204600CA9B07 /* XCTest.framework in Frameworks */,
				763D55BF1943204600CA9B07 /* UIKit.framework in Frameworks */,
				763D55BE1943204600CA9B07 /* Foundation.framework in Frameworks */,
			);
			runOnlyForDeploymentPostprocessing = 0;
		};
/* End PBXFrameworksBuildPhase section */

/* Begin PBXGroup section */
		763D558E1943204600CA9B07 = {
			isa = PBXGroup;
			children = (
				763D55A01943204600CA9B07 /* ChatApp */,
				763D55C21943204600CA9B07 /* ChatAppTests */,
				763D55991943204600CA9B07 /* Frameworks */,
				763D55981943204600CA9B07 /* Products */,
			);
			sourceTree = "<group>";
		};
		763D55981943204600CA9B07 /* Products */ = {
			isa = PBXGroup;
			children = (
				763D55971943204600CA9B07 /* ChatApp.app */,
				763D55BB1943204600CA9B07 /* ChatAppTests.xctest */,
			);
			name = Products;
			sourceTree = "<group>";
		};
		763D55991943204600CA9B07 /* Frameworks */ = {
			isa = PBXGroup;
			children = (
				763D559A1943204600CA9B07 /* Foundation.framework */,
				763D559C1943204600CA9B07 /* CoreGraphics.framework */,
				763D559E1943204600CA9B07 /* UIKit.framework */,
				763D55BC1943204600CA9B07 /* XCTest.framework */,
			);
			name = Frameworks;
			sourceTree = "<group>";
		};
		763D55A01943204600CA9B07 /* ChatApp */ = {
			isa = PBXGroup;
			children = (
				763D55A91943204600CA9B07 /* SPAppDelegate.h */,
				763D55AA1943204600CA9B07 /* SPAppDelegate.m */,
				763D55AC1943204600CA9B07 /* Main.storyboard */,
				763D55AF1943204600CA9B07 /* SPFirstViewController.h */,
				763D55B01943204600CA9B07 /* SPFirstViewController.m */,
				763D55B21943204600CA9B07 /* SPSecondViewController.h */,
				763D55B31943204600CA9B07 /* SPSecondViewController.m */,
				763D55B51943204600CA9B07 /* Images.xcassets */,
				763D55A11943204600CA9B07 /* Supporting Files */,
			);
			path = ChatApp;
			sourceTree = "<group>";
		};
		763D55A11943204600CA9B07 /* Supporting Files */ = {
			isa = PBXGroup;
			children = (
				763D55A21943204600CA9B07 /* ChatApp-Info.plist */,
				763D55A31943204600CA9B07 /* InfoPlist.strings */,
				763D55A61943204600CA9B07 /* main.m */,
				763D55A81943204600CA9B07 /* ChatApp-Prefix.pch */,
			);
			name = "Supporting Files";
			sourceTree = "<group>";
		};
		763D55C21943204600CA9B07 /* ChatAppTests */ = {
			isa = PBXGroup;
			children = (
				763D55C81943204600CA9B07 /* ChatAppTests.m */,
				763D55C31943204600CA9B07 /* Supporting Files */,
			);
			path = ChatAppTests;
			sourceTree = "<group>";
		};
		763D55C31943204600CA9B07 /* Supporting Files */ = {
			isa = PBXGroup;
			children = (
				763D55C41943204600CA9B07 /* ChatAppTests-Info.plist */,
				763D55C51943204600CA9B07 /* InfoPlist.strings */,
			);
			name = "Supporting Files";
			sourceTree = "<group>";
		};
/* End PBXGroup section */

/* Begin PBXNativeTarget section */
		763D55961943204600CA9B07 /* ChatApp */ = {
			isa = PBXNativeTarget;
			buildConfigurationList = 763D55CC1943204600CA9B07 /* Build configuration list for PBXNativeTarget "ChatApp" */;
			buildPhases = (
				763D55931943204600CA9B07 /* Sources */,
				763D55941943204600CA9B07 /* Frameworks */,
				763D55951943204600CA9B07 /* Resources */,
			);
			buildRules = (
			);
			dependencies = (
			);
			name = ChatApp;
			productName = ChatApp;
			productReference = 763D55971943204600CA9B07 /* ChatApp.app */;
			productType = "com.apple.product-type.application";
		};
		763D55BA1943204600CA9B07 /* ChatAppTests */ = {
			isa = PBXNativeTarget;
			buildConfigurationList = 763D55CF1943204600CA9B07 /* Build configuration list for PBXNativeTarget "ChatAppTests" */;
			buildPhases = (
				763D55B71943204600CA9B07 /* Sources */,
				763D55B81943204600CA9B07 /* Frameworks */,
				763D55B91943204600CA9B07 /* Resources */,
			);
			buildRules = (
			);
			dependencies = (
				763D55C11943204600CA9B07 /* PBXTargetDependency */,
			);
			name = ChatAppTests;
			productName = ChatAppTests;
			productReference = 763D55BB1943204600CA9B07 /* ChatAppTests.xctest */;
			productType = "com.apple.product-type.bundle.unit-test";
		};
/* End PBXNativeTarget section */

/* Begin PBXProject section */
		763D558F1943204600CA9B07 /* Project object */ = {
			isa = PBXProject;
			attributes = {
				CLASSPREFIX = SP;
				LastUpgradeCheck = 0510;
				ORGANIZATIONNAME = UvA;
				TargetAttributes = {
					763D55BA1943204600CA9B07 = {
						TestTargetID = 763D55961943204600CA9B07;
					};
				};
			};
			buildConfigurationList = 763D55921943204600CA9B07 /* Build configuration list for PBXProject "ChatApp" */;
			compatibilityVersion = "Xcode 3.2";
			developmentRegion = English;
			hasScannedForEncodings = 0;
			knownRegions = (
				en,
				Base,
			);
			mainGroup = 763D558E1943204600CA9B07;
			productRefGroup = 763D55981943204600CA9B07 /* Products */;
			projectDirPath = "";
			projectRoot = "";
			targets = (
				763D55961943204600CA9B07 /* ChatApp */,
				763D55BA1943204600CA9B07 /* ChatAppTests */,
			);
		};
/* End PBXProject section */

/* Begin PBXResourcesBuildPhase section */
		763D55951943204600CA9B07 /* Resources */ = {
			isa = PBXResourcesBuildPhase;
			buildActionMask = 2147483647;
			files = (
				763D55B61943204600CA9B07 /* Images.xcassets in Resources */,
				763D55A51943204600CA9B07 /* InfoPlist.strings in Resources */,
				763D55AE1943204600CA9B07 /* Main.storyboard in Resources */,
			);
			runOnlyForDeploymentPostprocessing = 0;
		};
		763D55B91943204600CA9B07 /* Resources */ = {
			isa = PBXResourcesBuildPhase;
			buildActionMask = 2147483647;
			files = (
				763D55C71943204600CA9B07 /* InfoPlist.strings in Resources */,
			);
			runOnlyForDeploymentPostprocessing = 0;
		};
/* End PBXResourcesBuildPhase section */

/* Begin PBXSourcesBuildPhase section */
		763D55931943204600CA9B07 /* Sources */ = {
			isa = PBXSourcesBuildPhase;
			buildActionMask = 2147483647;
			files = (
				763D55A71943204600CA9B07 /* main.m in Sources */,
				763D55B41943204600CA9B07 /* SPSecondViewController.m in Sources */,
				763D55B11943204600CA9B07 /* SPFirstViewController.m in Sources */,
				763D55AB1943204600CA9B07 /* SPAppDelegate.m in Sources */,
			);
			runOnlyForDeploymentPostprocessing = 0;
		};
		763D55B71943204600CA9B07 /* Sources */ = {
			isa = PBXSourcesBuildPhase;
			buildActionMask = 2147483647;
			files = (
				763D55C91943204600CA9B07 /* ChatAppTests.m in Sources */,
			);
			runOnlyForDeploymentPostprocessing = 0;
		};
/* End PBXSourcesBuildPhase section */

/* Begin PBXTargetDependency section */
		763D55C11943204600CA9B07 /* PBXTargetDependency */ = {
			isa = PBXTargetDependency;
			target = 763D55961943204600CA9B07 /* ChatApp */;
			targetProxy = 763D55C01943204600CA9B07 /* PBXContainerItemProxy */;
		};
/* End PBXTargetDependency section */

/* Begin PBXVariantGroup section */
		763D55A31943204600CA9B07 /* InfoPlist.strings */ = {
			isa = PBXVariantGroup;
			children = (
				763D55A41943204600CA9B07 /* en */,
			);
			name = InfoPlist.strings;
			sourceTree = "<group>";
		};
		763D55AC1943204600CA9B07 /* Main.storyboard */ = {
			isa = PBXVariantGroup;
			children = (
				763D55AD1943204600CA9B07 /* Base */,
			);
			name = Main.storyboard;
			sourceTree = "<group>";
		};
		763D55C51943204600CA9B07 /* InfoPlist.strings */ = {
			isa = PBXVariantGroup;
			children = (
				763D55C61943204600CA9B07 /* en */,
			);
			name = InfoPlist.strings;
			sourceTree = "<group>";
		};
/* End PBXVariantGroup section */

/* Begin XCBuildConfiguration section */
		763D55CA1943204600CA9B07 /* Debug */ = {
			isa = XCBuildConfiguration;
			buildSettings = {
				ALWAYS_SEARCH_USER_PATHS = NO;
				CLANG_CXX_LANGUAGE_STANDARD = "gnu++0x";
				CLANG_CXX_LIBRARY = "libc++";
				CLANG_ENABLE_MODULES = YES;
				CLANG_ENABLE_OBJC_ARC = YES;
				CLANG_WARN_BOOL_CONVERSION = YES;
				CLANG_WARN_CONSTANT_CONVERSION = YES;
				CLANG_WARN_DIRECT_OBJC_ISA_USAGE = YES_ERROR;
				CLANG_WARN_EMPTY_BODY = YES;
				CLANG_WARN_ENUM_CONVERSION = YES;
				CLANG_WARN_INT_CONVERSION = YES;
				CLANG_WARN_OBJC_ROOT_CLASS = YES_ERROR;
				CLANG_WARN__DUPLICATE_METHOD_MATCH = YES;
				"CODE_SIGN_IDENTITY[sdk=iphoneos*]" = "iPhone Developer";
				COPY_PHASE_STRIP = NO;
				GCC_C_LANGUAGE_STANDARD = gnu99;
				GCC_DYNAMIC_NO_PIC = NO;
				GCC_OPTIMIZATION_LEVEL = 0;
				GCC_PREPROCESSOR_DEFINITIONS = (
					"DEBUG=1",
					"$(inherited)",
				);
				GCC_SYMBOLS_PRIVATE_EXTERN = NO;
				GCC_WARN_64_TO_32_BIT_CONVERSION = YES;
				GCC_WARN_ABOUT_RETURN_TYPE = YES_ERROR;
				GCC_WARN_UNDECLARED_SELECTOR = YES;
				GCC_WARN_UNINITIALIZED_AUTOS = YES_AGGRESSIVE;
				GCC_WARN_UNUSED_FUNCTION = YES;
				GCC_WARN_UNUSED_VARIABLE = YES;
				IPHONEOS_DEPLOYMENT_TARGET = 7.1;
				ONLY_ACTIVE_ARCH = YES;
				SDKROOT = iphoneos;
			};
			name = Debug;
		};
		763D55CB1943204600CA9B07 /* Release */ = {
			isa = XCBuildConfiguration;
			buildSettings = {
				ALWAYS_SEARCH_USER_PATHS = NO;
				CLANG_CXX_LANGUAGE_STANDARD = "gnu++0x";
				CLANG_CXX_LIBRARY = "libc++";
				CLANG_ENABLE_MODULES = YES;
				CLANG_ENABLE_OBJC_ARC = YES;
				CLANG_WARN_BOOL_CONVERSION = YES;
				CLANG_WARN_CONSTANT_CONVERSION = YES;
				CLANG_WARN_DIRECT_OBJC_ISA_USAGE = YES_ERROR;
				CLANG_WARN_EMPTY_BODY = YES;
				CLANG_WARN_ENUM_CONVERSION = YES;
				CLANG_WARN_INT_CONVERSION = YES;
				CLANG_WARN_OBJC_ROOT_CLASS = YES_ERROR;
				CLANG_WARN__DUPLICATE_METHOD_MATCH = YES;
				"CODE_SIGN_IDENTITY[sdk=iphoneos*]" = "iPhone Developer";
				COPY_PHASE_STRIP = YES;
				ENABLE_NS_ASSERTIONS = NO;
				GCC_C_LANGUAGE_STANDARD = gnu99;
				GCC_WARN_64_TO_32_BIT_CONVERSION = YES;
				GCC_WARN_ABOUT_RETURN_TYPE = YES_ERROR;
				GCC_WARN_UNDECLARED_SELECTOR = YES;
				GCC_WARN_UNINITIALIZED_AUTOS = YES_AGGRESSIVE;
				GCC_WARN_UNUSED_FUNCTION = YES;
				GCC_WARN_UNUSED_VARIABLE = YES;
				IPHONEOS_DEPLOYMENT_TARGET = 7.1;
				SDKROOT = iphoneos;
				VALIDATE_PRODUCT = YES;
			};
			name = Release;
		};
		763D55CD1943204600CA9B07 /* Debug */ = {
			isa = XCBuildConfiguration;
			buildSettings = {
				ASSETCATALOG_COMPILER_APPICON_NAME = AppIcon;
				ASSETCATALOG_COMPILER_LAUNCHIMAGE_NAME = LaunchImage;
				GCC_PRECOMPILE_PREFIX_HEADER = YES;
				GCC_PREFIX_HEADER = "ChatApp/ChatApp-Prefix.pch";
				INFOPLIST_FILE = "ChatApp/ChatApp-Info.plist";
				PRODUCT_NAME = "$(TARGET_NAME)";
				WRAPPER_EXTENSION = app;
			};
			name = Debug;
		};
		763D55CE1943204600CA9B07 /* Release */ = {
			isa = XCBuildConfiguration;
			buildSettings = {
				ASSETCATALOG_COMPILER_APPICON_NAME = AppIcon;
				ASSETCATALOG_COMPILER_LAUNCHIMAGE_NAME = LaunchImage;
				GCC_PRECOMPILE_PREFIX_HEADER = YES;
				GCC_PREFIX_HEADER = "ChatApp/ChatApp-Prefix.pch";
				INFOPLIST_FILE = "ChatApp/ChatApp-Info.plist";
				PRODUCT_NAME = "$(TARGET_NAME)";
				WRAPPER_EXTENSION = app;
			};
			name = Release;
		};
		763D55D01943204600CA9B07 /* Debug */ = {
			isa = XCBuildConfiguration;
			buildSettings = {
				BUNDLE_LOADER = "$(BUILT_PRODUCTS_DIR)/ChatApp.app/ChatApp";
				FRAMEWORK_SEARCH_PATHS = (
					"$(SDKROOT)/Developer/Library/Frameworks",
					"$(inherited)",
					"$(DEVELOPER_FRAMEWORKS_DIR)",
				);
				GCC_PRECOMPILE_PREFIX_HEADER = YES;
				GCC_PREFIX_HEADER = "ChatApp/ChatApp-Prefix.pch";
				GCC_PREPROCESSOR_DEFINITIONS = (
					"DEBUG=1",
					"$(inherited)",
				);
				INFOPLIST_FILE = "ChatAppTests/ChatAppTests-Info.plist";
				PRODUCT_NAME = "$(TARGET_NAME)";
				TEST_HOST = "$(BUNDLE_LOADER)";
				WRAPPER_EXTENSION = xctest;
			};
			name = Debug;
		};
		763D55D11943204600CA9B07 /* Release */ = {
			isa = XCBuildConfiguration;
			buildSettings = {
				BUNDLE_LOADER = "$(BUILT_PRODUCTS_DIR)/ChatApp.app/ChatApp";
				FRAMEWORK_SEARCH_PATHS = (
					"$(SDKROOT)/Developer/Library/Frameworks",
					"$(inherited)",
					"$(DEVELOPER_FRAMEWORKS_DIR)",
				);
				GCC_PRECOMPILE_PREFIX_HEADER = YES;
				GCC_PREFIX_HEADER = "ChatApp/ChatApp-Prefix.pch";
				INFOPLIST_FILE = "ChatAppTests/ChatAppTests-Info.plist";
				PRODUCT_NAME = "$(TARGET_NAME)";
				TEST_HOST = "$(BUNDLE_LOADER)";
				WRAPPER_EXTENSION = xctest;
			};
			name = Release;
		};
/* End XCBuildConfiguration section */

/* Begin XCConfigurationList section */
		763D55921943204600CA9B07 /* Build configuration list for PBXProject "ChatApp" */ = {
			isa = XCConfigurationList;
			buildConfigurations = (
				763D55CA1943204600CA9B07 /* Debug */,
				763D55CB1943204600CA9B07 /* Release */,
			);
			defaultConfigurationIsVisible = 0;
			defaultConfigurationName = Release;
		};
		763D55CC1943204600CA9B07 /* Build configuration list for PBXNativeTarget "ChatApp" */ = {
			isa = XCConfigurationList;
			buildConfigurations = (
				763D55CD1943204600CA9B07 /* Debug */,
				763D55CE1943204600CA9B07 /* Release */,
			);
			defaultConfigurationIsVisible = 0;
		};
		763D55CF1943204600CA9B07 /* Build configuration list for PBXNativeTarget "ChatAppTests" */ = {
			isa = XCConfigurationList;
			buildConfigurations = (
				763D55D01943204600CA9B07 /* Debug */,
				763D55D11943204600CA9B07 /* Release */,
			);
			defaultConfigurationIsVisible = 0;
		};
/* End XCConfigurationList section */
	};
	rootObject = 763D558F1943204600CA9B07 /* Project object */;
}
